
Microsoft Visual Studio Solution File, Format Version 12.00
# Visual Studio 15
VisualStudioVersion = 15.0.28010.2026
MinimumVisualStudioVersion = 10.0.40219.1
Project("{FAE04EC0-301F-11D3-BF4B-00C04F79EFBC}") = "IoT_Test.Device", "IoT_Test.Device\IoT_Test.Device.csproj", "{323FAB82-CF22-4568-88B5-627A42705B77}"
EndProject
Project("{FAE04EC0-301F-11D3-BF4B-00C04F79EFBC}") = "IoT_Test.API", "IoT_Test.API\IoT_Test.API.csproj", "{7DFA2A0E-D14C-4371-B46F-AB69C7169068}"
EndProject
Project("{9A19103F-16F7-4668-BE54-9A1E7A4F7556}") = "ClassLibrary", "ClassLibrary\ClassLibrary.csproj", "{A3977721-C8CC-4048-8323-EB0F27342B38}"
EndProject
Project("{FAE04EC0-301F-11D3-BF4B-00C04F79EFBC}") = "IoT_Test.ClientWebApp", "IoT_Test.ClientWebApp\IoT_Test.ClientWebApp.csproj", "{CB7D71B4-79DF-4A03-8AB7-0DC0598AF11B}"
EndProject
Project("{FAE04EC0-301F-11D3-BF4B-00C04F79EFBC}") = "IoT_Test.HWreplacement", "IoT_Test.HWreplacement\IoT_Test.HWreplacement.csproj", "{E7AFDA49-D768-4C96-861B-17B715490CBD}"
EndProject
Global
	GlobalSection(SolutionConfigurationPlatforms) = preSolution
		Ad-Hoc|Any CPU = Ad-Hoc|Any CPU
		Ad-Hoc|ARM = Ad-Hoc|ARM
		Ad-Hoc|iPhone = Ad-Hoc|iPhone
		Ad-Hoc|iPhoneSimulator = Ad-Hoc|iPhoneSimulator
		Ad-Hoc|x64 = Ad-Hoc|x64
		Ad-Hoc|x86 = Ad-Hoc|x86
		AppStore|Any CPU = AppStore|Any CPU
		AppStore|ARM = AppStore|ARM
		AppStore|iPhone = AppStore|iPhone
		AppStore|iPhoneSimulator = AppStore|iPhoneSimulator
		AppStore|x64 = AppStore|x64
		AppStore|x86 = AppStore|x86
		Debug|Any CPU = Debug|Any CPU
		Debug|ARM = Debug|ARM
		Debug|iPhone = Debug|iPhone
		Debug|iPhoneSimulator = Debug|iPhoneSimulator
		Debug|x64 = Debug|x64
		Debug|x86 = Debug|x86
		Release|Any CPU = Release|Any CPU
		Release|ARM = Release|ARM
		Release|iPhone = Release|iPhone
		Release|iPhoneSimulator = Release|iPhoneSimulator
		Release|x64 = Release|x64
		Release|x86 = Release|x86
	EndGlobalSection
	GlobalSection(ProjectConfigurationPlatforms) = postSolution
		{323FAB82-CF22-4568-88B5-627A42705B77}.Ad-Hoc|Any CPU.ActiveCfg = Release|x64
		{323FAB82-CF22-4568-88B5-627A42705B77}.Ad-Hoc|Any CPU.Build.0 = Release|x64
		{323FAB82-CF22-4568-88B5-627A42705B77}.Ad-Hoc|Any CPU.Deploy.0 = Release|x64
		{323FAB82-CF22-4568-88B5-627A42705B77}.Ad-Hoc|ARM.ActiveCfg = Release|ARM
		{323FAB82-CF22-4568-88B5-627A42705B77}.Ad-Hoc|ARM.Build.0 = Release|ARM
		{323FAB82-CF22-4568-88B5-627A42705B77}.Ad-Hoc|ARM.Deploy.0 = Release|ARM
		{323FAB82-CF22-4568-88B5-627A42705B77}.Ad-Hoc|iPhone.ActiveCfg = Release|x64
		{323FAB82-CF22-4568-88B5-627A42705B77}.Ad-Hoc|iPhone.Build.0 = Release|x64
		{323FAB82-CF22-4568-88B5-627A42705B77}.Ad-Hoc|iPhone.Deploy.0 = Release|x64
		{323FAB82-CF22-4568-88B5-627A42705B77}.Ad-Hoc|iPhoneSimulator.ActiveCfg = Release|x64
		{323FAB82-CF22-4568-88B5-627A42705B77}.Ad-Hoc|iPhoneSimulator.Build.0 = Release|x64
		{323FAB82-CF22-4568-88B5-627A42705B77}.Ad-Hoc|iPhoneSimulator.Deploy.0 = Release|x64
		{323FAB82-CF22-4568-88B5-627A42705B77}.Ad-Hoc|x64.ActiveCfg = Release|x64
		{323FAB82-CF22-4568-88B5-627A42705B77}.Ad-Hoc|x64.Build.0 = Release|x64
		{323FAB82-CF22-4568-88B5-627A42705B77}.Ad-Hoc|x64.Deploy.0 = Release|x64
		{323FAB82-CF22-4568-88B5-627A42705B77}.Ad-Hoc|x86.ActiveCfg = Release|x86
		{323FAB82-CF22-4568-88B5-627A42705B77}.Ad-Hoc|x86.Build.0 = Release|x86
		{323FAB82-CF22-4568-88B5-627A42705B77}.Ad-Hoc|x86.Deploy.0 = Release|x86
		{323FAB82-CF22-4568-88B5-627A42705B77}.AppStore|Any CPU.ActiveCfg = Release|x64
		{323FAB82-CF22-4568-88B5-627A42705B77}.AppStore|Any CPU.Build.0 = Release|x64
		{323FAB82-CF22-4568-88B5-627A42705B77}.AppStore|Any CPU.Deploy.0 = Release|x64
		{323FAB82-CF22-4568-88B5-627A42705B77}.AppStore|ARM.ActiveCfg = Release|ARM
		{323FAB82-CF22-4568-88B5-627A42705B77}.AppStore|ARM.Build.0 = Release|ARM
		{323FAB82-CF22-4568-88B5-627A42705B77}.AppStore|ARM.Deploy.0 = Release|ARM
		{323FAB82-CF22-4568-88B5-627A42705B77}.AppStore|iPhone.ActiveCfg = Release|x64
		{323FAB82-CF22-4568-88B5-627A42705B77}.AppStore|iPhone.Build.0 = Release|x64
		{323FAB82-CF22-4568-88B5-627A42705B77}.AppStore|iPhone.Deploy.0 = Release|x64
		{323FAB82-CF22-4568-88B5-627A42705B77}.AppStore|iPhoneSimulator.ActiveCfg = Release|x64
		{323FAB82-CF22-4568-88B5-627A42705B77}.AppStore|iPhoneSimulator.Build.0 = Release|x64
		{323FAB82-CF22-4568-88B5-627A42705B77}.AppStore|iPhoneSimulator.Deploy.0 = Release|x64
		{323FAB82-CF22-4568-88B5-627A42705B77}.AppStore|x64.ActiveCfg = Release|x64
		{323FAB82-CF22-4568-88B5-627A42705B77}.AppStore|x64.Build.0 = Release|x64
		{323FAB82-CF22-4568-88B5-627A42705B77}.AppStore|x64.Deploy.0 = Release|x64
		{323FAB82-CF22-4568-88B5-627A42705B77}.AppStore|x86.ActiveCfg = Release|x86
		{323FAB82-CF22-4568-88B5-627A42705B77}.AppStore|x86.Build.0 = Release|x86
		{323FAB82-CF22-4568-88B5-627A42705B77}.AppStore|x86.Deploy.0 = Release|x86
		{323FAB82-CF22-4568-88B5-627A42705B77}.Debug|Any CPU.ActiveCfg = Debug|x86
		{323FAB82-CF22-4568-88B5-627A42705B77}.Debug|ARM.ActiveCfg = Debug|ARM
		{323FAB82-CF22-4568-88B5-627A42705B77}.Debug|ARM.Build.0 = Debug|ARM
		{323FAB82-CF22-4568-88B5-627A42705B77}.Debug|ARM.Deploy.0 = Debug|ARM
		{323FAB82-CF22-4568-88B5-627A42705B77}.Debug|iPhone.ActiveCfg = Debug|x86
		{323FAB82-CF22-4568-88B5-627A42705B77}.Debug|iPhoneSimulator.ActiveCfg = Debug|x86
		{323FAB82-CF22-4568-88B5-627A42705B77}.Debug|x64.ActiveCfg = Debug|x64
		{323FAB82-CF22-4568-88B5-627A42705B77}.Debug|x64.Build.0 = Debug|x64
		{323FAB82-CF22-4568-88B5-627A42705B77}.Debug|x64.Deploy.0 = Debug|x64
		{323FAB82-CF22-4568-88B5-627A42705B77}.Debug|x86.ActiveCfg = Debug|x86
		{323FAB82-CF22-4568-88B5-627A42705B77}.Debug|x86.Build.0 = Debug|x86
		{323FAB82-CF22-4568-88B5-627A42705B77}.Debug|x86.Deploy.0 = Debug|x86
		{323FAB82-CF22-4568-88B5-627A42705B77}.Release|Any CPU.ActiveCfg = Release|x86
		{323FAB82-CF22-4568-88B5-627A42705B77}.Release|ARM.ActiveCfg = Release|ARM
		{323FAB82-CF22-4568-88B5-627A42705B77}.Release|ARM.Build.0 = Release|ARM
		{323FAB82-CF22-4568-88B5-627A42705B77}.Release|ARM.Deploy.0 = Release|ARM
		{323FAB82-CF22-4568-88B5-627A42705B77}.Release|iPhone.ActiveCfg = Release|x86
		{323FAB82-CF22-4568-88B5-627A42705B77}.Release|iPhoneSimulator.ActiveCfg = Release|x86
		{323FAB82-CF22-4568-88B5-627A42705B77}.Release|x64.ActiveCfg = Release|x64
		{323FAB82-CF22-4568-88B5-627A42705B77}.Release|x64.Build.0 = Release|x64
		{323FAB82-CF22-4568-88B5-627A42705B77}.Release|x64.Deploy.0 = Release|x64
		{323FAB82-CF22-4568-88B5-627A42705B77}.Release|x86.ActiveCfg = Release|x86
		{323FAB82-CF22-4568-88B5-627A42705B77}.Release|x86.Build.0 = Release|x86
		{323FAB82-CF22-4568-88B5-627A42705B77}.Release|x86.Deploy.0 = Release|x86
		{7DFA2A0E-D14C-4371-B46F-AB69C7169068}.Ad-Hoc|Any CPU.ActiveCfg = Release|Any CPU
		{7DFA2A0E-D14C-4371-B46F-AB69C7169068}.Ad-Hoc|Any CPU.Build.0 = Release|Any CPU
		{7DFA2A0E-D14C-4371-B46F-AB69C7169068}.Ad-Hoc|ARM.ActiveCfg = Release|Any CPU
		{7DFA2A0E-D14C-4371-B46F-AB69C7169068}.Ad-Hoc|ARM.Build.0 = Release|Any CPU
		{7DFA2A0E-D14C-4371-B46F-AB69C7169068}.Ad-Hoc|iPhone.ActiveCfg = Release|Any CPU
		{7DFA2A0E-D14C-4371-B46F-AB69C7169068}.Ad-Hoc|iPhone.Build.0 = Release|Any CPU
		{7DFA2A0E-D14C-4371-B46F-AB69C7169068}.Ad-Hoc|iPhoneSimulator.ActiveCfg = Release|Any CPU
		{7DFA2A0E-D14C-4371-B46F-AB69C7169068}.Ad-Hoc|iPhoneSimulator.Build.0 = Release|Any CPU
		{7DFA2A0E-D14C-4371-B46F-AB69C7169068}.Ad-Hoc|x64.ActiveCfg = Release|Any CPU
		{7DFA2A0E-D14C-4371-B46F-AB69C7169068}.Ad-Hoc|x64.Build.0 = Release|Any CPU
		{7DFA2A0E-D14C-4371-B46F-AB69C7169068}.Ad-Hoc|x86.ActiveCfg = Release|Any CPU
		{7DFA2A0E-D14C-4371-B46F-AB69C7169068}.Ad-Hoc|x86.Build.0 = Release|Any CPU
		{7DFA2A0E-D14C-4371-B46F-AB69C7169068}.AppStore|Any CPU.ActiveCfg = Release|Any CPU
		{7DFA2A0E-D14C-4371-B46F-AB69C7169068}.AppStore|Any CPU.Build.0 = Release|Any CPU
		{7DFA2A0E-D14C-4371-B46F-AB69C7169068}.AppStore|ARM.ActiveCfg = Release|Any CPU
		{7DFA2A0E-D14C-4371-B46F-AB69C7169068}.AppStore|ARM.Build.0 = Release|Any CPU
		{7DFA2A0E-D14C-4371-B46F-AB69C7169068}.AppStore|iPhone.ActiveCfg = Release|Any CPU
		{7DFA2A0E-D14C-4371-B46F-AB69C7169068}.AppStore|iPhone.Build.0 = Release|Any CPU
		{7DFA2A0E-D14C-4371-B46F-AB69C7169068}.AppStore|iPhoneSimulator.ActiveCfg = Release|Any CPU
		{7DFA2A0E-D14C-4371-B46F-AB69C7169068}.AppStore|iPhoneSimulator.Build.0 = Release|Any CPU
		{7DFA2A0E-D14C-4371-B46F-AB69C7169068}.AppStore|x64.ActiveCfg = Release|Any CPU
		{7DFA2A0E-D14C-4371-B46F-AB69C7169068}.AppStore|x64.Build.0 = Release|Any CPU
		{7DFA2A0E-D14C-4371-B46F-AB69C7169068}.AppStore|x86.ActiveCfg = Release|Any CPU
		{7DFA2A0E-D14C-4371-B46F-AB69C7169068}.AppStore|x86.Build.0 = Release|Any CPU
		{7DFA2A0E-D14C-4371-B46F-AB69C7169068}.Debug|Any CPU.ActiveCfg = Debug|Any CPU
		{7DFA2A0E-D14C-4371-B46F-AB69C7169068}.Debug|Any CPU.Build.0 = Debug|Any CPU
		{7DFA2A0E-D14C-4371-B46F-AB69C7169068}.Debug|ARM.ActiveCfg = Debug|Any CPU
		{7DFA2A0E-D14C-4371-B46F-AB69C7169068}.Debug|ARM.Build.0 = Debug|Any CPU
		{7DFA2A0E-D14C-4371-B46F-AB69C7169068}.Debug|iPhone.ActiveCfg = Debug|Any CPU
		{7DFA2A0E-D14C-4371-B46F-AB69C7169068}.Debug|iPhone.Build.0 = Debug|Any CPU
		{7DFA2A0E-D14C-4371-B46F-AB69C7169068}.Debug|iPhoneSimulator.ActiveCfg = Debug|Any CPU
		{7DFA2A0E-D14C-4371-B46F-AB69C7169068}.Debug|iPhoneSimulator.Build.0 = Debug|Any CPU
		{7DFA2A0E-D14C-4371-B46F-AB69C7169068}.Debug|x64.ActiveCfg = Debug|Any CPU
		{7DFA2A0E-D14C-4371-B46F-AB69C7169068}.Debug|x64.Build.0 = Debug|Any CPU
		{7DFA2A0E-D14C-4371-B46F-AB69C7169068}.Debug|x86.ActiveCfg = Debug|Any CPU
		{7DFA2A0E-D14C-4371-B46F-AB69C7169068}.Debug|x86.Build.0 = Debug|Any CPU
		{7DFA2A0E-D14C-4371-B46F-AB69C7169068}.Release|Any CPU.ActiveCfg = Release|Any CPU
		{7DFA2A0E-D14C-4371-B46F-AB69C7169068}.Release|Any CPU.Build.0 = Release|Any CPU
		{7DFA2A0E-D14C-4371-B46F-AB69C7169068}.Release|ARM.ActiveCfg = Release|Any CPU
		{7DFA2A0E-D14C-4371-B46F-AB69C7169068}.Release|ARM.Build.0 = Release|Any CPU
		{7DFA2A0E-D14C-4371-B46F-AB69C7169068}.Release|iPhone.ActiveCfg = Release|Any CPU
		{7DFA2A0E-D14C-4371-B46F-AB69C7169068}.Release|iPhone.Build.0 = Release|Any CPU
		{7DFA2A0E-D14C-4371-B46F-AB69C7169068}.Release|iPhoneSimulator.ActiveCfg = Release|Any CPU
		{7DFA2A0E-D14C-4371-B46F-AB69C7169068}.Release|iPhoneSimulator.Build.0 = Release|Any CPU
		{7DFA2A0E-D14C-4371-B46F-AB69C7169068}.Release|x64.ActiveCfg = Release|Any CPU
		{7DFA2A0E-D14C-4371-B46F-AB69C7169068}.Release|x64.Build.0 = Release|Any CPU
		{7DFA2A0E-D14C-4371-B46F-AB69C7169068}.Release|x86.ActiveCfg = Release|Any CPU
		{7DFA2A0E-D14C-4371-B46F-AB69C7169068}.Release|x86.Build.0 = Release|Any CPU
		{A3977721-C8CC-4048-8323-EB0F27342B38}.Ad-Hoc|Any CPU.ActiveCfg = Release|Any CPU
		{A3977721-C8CC-4048-8323-EB0F27342B38}.Ad-Hoc|Any CPU.Build.0 = Release|Any CPU
		{A3977721-C8CC-4048-8323-EB0F27342B38}.Ad-Hoc|ARM.ActiveCfg = Release|Any CPU
		{A3977721-C8CC-4048-8323-EB0F27342B38}.Ad-Hoc|ARM.Build.0 = Release|Any CPU
		{A3977721-C8CC-4048-8323-EB0F27342B38}.Ad-Hoc|iPhone.ActiveCfg = Release|Any CPU
		{A3977721-C8CC-4048-8323-EB0F27342B38}.Ad-Hoc|iPhone.Build.0 = Release|Any CPU
		{A3977721-C8CC-4048-8323-EB0F27342B38}.Ad-Hoc|iPhoneSimulator.ActiveCfg = Release|Any CPU
		{A3977721-C8CC-4048-8323-EB0F27342B38}.Ad-Hoc|iPhoneSimulator.Build.0 = Release|Any CPU
		{A3977721-C8CC-4048-8323-EB0F27342B38}.Ad-Hoc|x64.ActiveCfg = Release|Any CPU
		{A3977721-C8CC-4048-8323-EB0F27342B38}.Ad-Hoc|x64.Build.0 = Release|Any CPU
		{A3977721-C8CC-4048-8323-EB0F27342B38}.Ad-Hoc|x86.ActiveCfg = Release|Any CPU
		{A3977721-C8CC-4048-8323-EB0F27342B38}.Ad-Hoc|x86.Build.0 = Release|Any CPU
		{A3977721-C8CC-4048-8323-EB0F27342B38}.AppStore|Any CPU.ActiveCfg = Release|Any CPU
		{A3977721-C8CC-4048-8323-EB0F27342B38}.AppStore|Any CPU.Build.0 = Release|Any CPU
		{A3977721-C8CC-4048-8323-EB0F27342B38}.AppStore|ARM.ActiveCfg = Release|Any CPU
		{A3977721-C8CC-4048-8323-EB0F27342B38}.AppStore|ARM.Build.0 = Release|Any CPU
		{A3977721-C8CC-4048-8323-EB0F27342B38}.AppStore|iPhone.ActiveCfg = Release|Any CPU
		{A3977721-C8CC-4048-8323-EB0F27342B38}.AppStore|iPhone.Build.0 = Release|Any CPU
		{A3977721-C8CC-4048-8323-EB0F27342B38}.AppStore|iPhoneSimulator.ActiveCfg = Release|Any CPU
		{A3977721-C8CC-4048-8323-EB0F27342B38}.AppStore|iPhoneSimulator.Build.0 = Release|Any CPU
		{A3977721-C8CC-4048-8323-EB0F27342B38}.AppStore|x64.ActiveCfg = Release|Any CPU
		{A3977721-C8CC-4048-8323-EB0F27342B38}.AppStore|x64.Build.0 = Release|Any CPU
		{A3977721-C8CC-4048-8323-EB0F27342B38}.AppStore|x86.ActiveCfg = Release|Any CPU
		{A3977721-C8CC-4048-8323-EB0F27342B38}.AppStore|x86.Build.0 = Release|Any CPU
		{A3977721-C8CC-4048-8323-EB0F27342B38}.Debug|Any CPU.ActiveCfg = Debug|Any CPU
		{A3977721-C8CC-4048-8323-EB0F27342B38}.Debug|Any CPU.Build.0 = Debug|Any CPU
		{A3977721-C8CC-4048-8323-EB0F27342B38}.Debug|ARM.ActiveCfg = Debug|Any CPU
		{A3977721-C8CC-4048-8323-EB0F27342B38}.Debug|ARM.Build.0 = Debug|Any CPU
		{A3977721-C8CC-4048-8323-EB0F27342B38}.Debug|iPhone.ActiveCfg = Debug|Any CPU
		{A3977721-C8CC-4048-8323-EB0F27342B38}.Debug|iPhone.Build.0 = Debug|Any CPU
		{A3977721-C8CC-4048-8323-EB0F27342B38}.Debug|iPhoneSimulator.ActiveCfg = Debug|Any CPU
		{A3977721-C8CC-4048-8323-EB0F27342B38}.Debug|iPhoneSimulator.Build.0 = Debug|Any CPU
		{A3977721-C8CC-4048-8323-EB0F27342B38}.Debug|x64.ActiveCfg = Debug|Any CPU
		{A3977721-C8CC-4048-8323-EB0F27342B38}.Debug|x64.Build.0 = Debug|Any CPU
		{A3977721-C8CC-4048-8323-EB0F27342B38}.Debug|x86.ActiveCfg = Debug|Any CPU
		{A3977721-C8CC-4048-8323-EB0F27342B38}.Debug|x86.Build.0 = Debug|Any CPU
		{A3977721-C8CC-4048-8323-EB0F27342B38}.Release|Any CPU.ActiveCfg = Release|Any CPU
		{A3977721-C8CC-4048-8323-EB0F27342B38}.Release|Any CPU.Build.0 = Release|Any CPU
		{A3977721-C8CC-4048-8323-EB0F27342B38}.Release|ARM.ActiveCfg = Release|Any CPU
		{A3977721-C8CC-4048-8323-EB0F27342B38}.Release|ARM.Build.0 = Release|Any CPU
		{A3977721-C8CC-4048-8323-EB0F27342B38}.Release|iPhone.ActiveCfg = Release|Any CPU
		{A3977721-C8CC-4048-8323-EB0F27342B38}.Release|iPhone.Build.0 = Release|Any CPU
		{A3977721-C8CC-4048-8323-EB0F27342B38}.Release|iPhoneSimulator.ActiveCfg = Release|Any CPU
		{A3977721-C8CC-4048-8323-EB0F27342B38}.Release|iPhoneSimulator.Build.0 = Release|Any CPU
		{A3977721-C8CC-4048-8323-EB0F27342B38}.Release|x64.ActiveCfg = Release|Any CPU
		{A3977721-C8CC-4048-8323-EB0F27342B38}.Release|x64.Build.0 = Release|Any CPU
		{A3977721-C8CC-4048-8323-EB0F27342B38}.Release|x86.ActiveCfg = Release|Any CPU
		{A3977721-C8CC-4048-8323-EB0F27342B38}.Release|x86.Build.0 = Release|Any CPU
		{CB7D71B4-79DF-4A03-8AB7-0DC0598AF11B}.Ad-Hoc|Any CPU.ActiveCfg = Release|Any CPU
		{CB7D71B4-79DF-4A03-8AB7-0DC0598AF11B}.Ad-Hoc|Any CPU.Build.0 = Release|Any CPU
		{CB7D71B4-79DF-4A03-8AB7-0DC0598AF11B}.Ad-Hoc|ARM.ActiveCfg = Release|Any CPU
		{CB7D71B4-79DF-4A03-8AB7-0DC0598AF11B}.Ad-Hoc|ARM.Build.0 = Release|Any CPU
		{CB7D71B4-79DF-4A03-8AB7-0DC0598AF11B}.Ad-Hoc|iPhone.ActiveCfg = Release|Any CPU
		{CB7D71B4-79DF-4A03-8AB7-0DC0598AF11B}.Ad-Hoc|iPhone.Build.0 = Release|Any CPU
		{CB7D71B4-79DF-4A03-8AB7-0DC0598AF11B}.Ad-Hoc|iPhoneSimulator.ActiveCfg = Release|Any CPU
		{CB7D71B4-79DF-4A03-8AB7-0DC0598AF11B}.Ad-Hoc|iPhoneSimulator.Build.0 = Release|Any CPU
		{CB7D71B4-79DF-4A03-8AB7-0DC0598AF11B}.Ad-Hoc|x64.ActiveCfg = Release|Any CPU
		{CB7D71B4-79DF-4A03-8AB7-0DC0598AF11B}.Ad-Hoc|x64.Build.0 = Release|Any CPU
		{CB7D71B4-79DF-4A03-8AB7-0DC0598AF11B}.Ad-Hoc|x86.ActiveCfg = Release|Any CPU
		{CB7D71B4-79DF-4A03-8AB7-0DC0598AF11B}.Ad-Hoc|x86.Build.0 = Release|Any CPU
		{CB7D71B4-79DF-4A03-8AB7-0DC0598AF11B}.AppStore|Any CPU.ActiveCfg = Release|Any CPU
		{CB7D71B4-79DF-4A03-8AB7-0DC0598AF11B}.AppStore|Any CPU.Build.0 = Release|Any CPU
		{CB7D71B4-79DF-4A03-8AB7-0DC0598AF11B}.AppStore|ARM.ActiveCfg = Release|Any CPU
		{CB7D71B4-79DF-4A03-8AB7-0DC0598AF11B}.AppStore|ARM.Build.0 = Release|Any CPU
		{CB7D71B4-79DF-4A03-8AB7-0DC0598AF11B}.AppStore|iPhone.ActiveCfg = Release|Any CPU
		{CB7D71B4-79DF-4A03-8AB7-0DC0598AF11B}.AppStore|iPhone.Build.0 = Release|Any CPU
		{CB7D71B4-79DF-4A03-8AB7-0DC0598AF11B}.AppStore|iPhoneSimulator.ActiveCfg = Release|Any CPU
		{CB7D71B4-79DF-4A03-8AB7-0DC0598AF11B}.AppStore|iPhoneSimulator.Build.0 = Release|Any CPU
		{CB7D71B4-79DF-4A03-8AB7-0DC0598AF11B}.AppStore|x64.ActiveCfg = Release|Any CPU
		{CB7D71B4-79DF-4A03-8AB7-0DC0598AF11B}.AppStore|x64.Build.0 = Release|Any CPU
		{CB7D71B4-79DF-4A03-8AB7-0DC0598AF11B}.AppStore|x86.ActiveCfg = Release|Any CPU
		{CB7D71B4-79DF-4A03-8AB7-0DC0598AF11B}.AppStore|x86.Build.0 = Release|Any CPU
		{CB7D71B4-79DF-4A03-8AB7-0DC0598AF11B}.Debug|Any CPU.ActiveCfg = Debug|Any CPU
		{CB7D71B4-79DF-4A03-8AB7-0DC0598AF11B}.Debug|Any CPU.Build.0 = Debug|Any CPU
		{CB7D71B4-79DF-4A03-8AB7-0DC0598AF11B}.Debug|ARM.ActiveCfg = Debug|Any CPU
		{CB7D71B4-79DF-4A03-8AB7-0DC0598AF11B}.Debug|ARM.Build.0 = Debug|Any CPU
		{CB7D71B4-79DF-4A03-8AB7-0DC0598AF11B}.Debug|iPhone.ActiveCfg = Debug|Any CPU
		{CB7D71B4-79DF-4A03-8AB7-0DC0598AF11B}.Debug|iPhone.Build.0 = Debug|Any CPU
		{CB7D71B4-79DF-4A03-8AB7-0DC0598AF11B}.Debug|iPhoneSimulator.ActiveCfg = Debug|Any CPU
		{CB7D71B4-79DF-4A03-8AB7-0DC0598AF11B}.Debug|iPhoneSimulator.Build.0 = Debug|Any CPU
		{CB7D71B4-79DF-4A03-8AB7-0DC0598AF11B}.Debug|x64.ActiveCfg = Debug|Any CPU
		{CB7D71B4-79DF-4A03-8AB7-0DC0598AF11B}.Debug|x64.Build.0 = Debug|Any CPU
		{CB7D71B4-79DF-4A03-8AB7-0DC0598AF11B}.Debug|x86.ActiveCfg = Debug|Any CPU
		{CB7D71B4-79DF-4A03-8AB7-0DC0598AF11B}.Debug|x86.Build.0 = Debug|Any CPU
		{CB7D71B4-79DF-4A03-8AB7-0DC0598AF11B}.Release|Any CPU.ActiveCfg = Release|Any CPU
		{CB7D71B4-79DF-4A03-8AB7-0DC0598AF11B}.Release|Any CPU.Build.0 = Release|Any CPU
		{CB7D71B4-79DF-4A03-8AB7-0DC0598AF11B}.Release|ARM.ActiveCfg = Release|Any CPU
		{CB7D71B4-79DF-4A03-8AB7-0DC0598AF11B}.Release|ARM.Build.0 = Release|Any CPU
		{CB7D71B4-79DF-4A03-8AB7-0DC0598AF11B}.Release|iPhone.ActiveCfg = Release|Any CPU
		{CB7D71B4-79DF-4A03-8AB7-0DC0598AF11B}.Release|iPhone.Build.0 = Release|Any CPU
		{CB7D71B4-79DF-4A03-8AB7-0DC0598AF11B}.Release|iPhoneSimulator.ActiveCfg = Release|Any CPU
		{CB7D71B4-79DF-4A03-8AB7-0DC0598AF11B}.Release|iPhoneSimulator.Build.0 = Release|Any CPU
		{CB7D71B4-79DF-4A03-8AB7-0DC0598AF11B}.Release|x64.ActiveCfg = Release|Any CPU
		{CB7D71B4-79DF-4A03-8AB7-0DC0598AF11B}.Release|x64.Build.0 = Release|Any CPU
		{CB7D71B4-79DF-4A03-8AB7-0DC0598AF11B}.Release|x86.ActiveCfg = Release|Any CPU
		{CB7D71B4-79DF-4A03-8AB7-0DC0598AF11B}.Release|x86.Build.0 = Release|Any CPU
		{E7AFDA49-D768-4C96-861B-17B715490CBD}.Ad-Hoc|Any CPU.ActiveCfg = Release|Any CPU
		{E7AFDA49-D768-4C96-861B-17B715490CBD}.Ad-Hoc|Any CPU.Build.0 = Release|Any CPU
		{E7AFDA49-D768-4C96-861B-17B715490CBD}.Ad-Hoc|ARM.ActiveCfg = Release|Any CPU
		{E7AFDA49-D768-4C96-861B-17B715490CBD}.Ad-Hoc|ARM.Build.0 = Release|Any CPU
		{E7AFDA49-D768-4C96-861B-17B715490CBD}.Ad-Hoc|iPhone.ActiveCfg = Release|Any CPU
		{E7AFDA49-D768-4C96-861B-17B715490CBD}.Ad-Hoc|iPhone.Build.0 = Release|Any CPU
		{E7AFDA49-D768-4C96-861B-17B715490CBD}.Ad-Hoc|iPhoneSimulator.ActiveCfg = Release|Any CPU
		{E7AFDA49-D768-4C96-861B-17B715490CBD}.Ad-Hoc|iPhoneSimulator.Build.0 = Release|Any CPU
		{E7AFDA49-D768-4C96-861B-17B715490CBD}.Ad-Hoc|x64.ActiveCfg = Release|Any CPU
		{E7AFDA49-D768-4C96-861B-17B715490CBD}.Ad-Hoc|x64.Build.0 = Release|Any CPU
		{E7AFDA49-D768-4C96-861B-17B715490CBD}.Ad-Hoc|x86.ActiveCfg = Release|Any CPU
		{E7AFDA49-D768-4C96-861B-17B715490CBD}.Ad-Hoc|x86.Build.0 = Release|Any CPU
		{E7AFDA49-D768-4C96-861B-17B715490CBD}.AppStore|Any CPU.ActiveCfg = Release|Any CPU
		{E7AFDA49-D768-4C96-861B-17B715490CBD}.AppStore|Any CPU.Build.0 = Release|Any CPU
		{E7AFDA49-D768-4C96-861B-17B715490CBD}.AppStore|ARM.ActiveCfg = Release|Any CPU
		{E7AFDA49-D768-4C96-861B-17B715490CBD}.AppStore|ARM.Build.0 = Release|Any CPU
		{E7AFDA49-D768-4C96-861B-17B715490CBD}.AppStore|iPhone.ActiveCfg = Release|Any CPU
		{E7AFDA49-D768-4C96-861B-17B715490CBD}.AppStore|iPhone.Build.0 = Release|Any CPU
		{E7AFDA49-D768-4C96-861B-17B715490CBD}.AppStore|iPhoneSimulator.ActiveCfg = Release|Any CPU
		{E7AFDA49-D768-4C96-861B-17B715490CBD}.AppStore|iPhoneSimulator.Build.0 = Release|Any CPU
		{E7AFDA49-D768-4C96-861B-17B715490CBD}.AppStore|x64.ActiveCfg = Release|Any CPU
		{E7AFDA49-D768-4C96-861B-17B715490CBD}.AppStore|x64.Build.0 = Release|Any CPU
		{E7AFDA49-D768-4C96-861B-17B715490CBD}.AppStore|x86.ActiveCfg = Release|Any CPU
		{E7AFDA49-D768-4C96-861B-17B715490CBD}.AppStore|x86.Build.0 = Release|Any CPU
		{E7AFDA49-D768-4C96-861B-17B715490CBD}.Debug|Any CPU.ActiveCfg = Debug|Any CPU
		{E7AFDA49-D768-4C96-861B-17B715490CBD}.Debug|Any CPU.Build.0 = Debug|Any CPU
		{E7AFDA49-D768-4C96-861B-17B715490CBD}.Debug|ARM.ActiveCfg = Debug|Any CPU
		{E7AFDA49-D768-4C96-861B-17B715490CBD}.Debug|ARM.Build.0 = Debug|Any CPU
		{E7AFDA49-D768-4C96-861B-17B715490CBD}.Debug|iPhone.ActiveCfg = Debug|Any CPU
		{E7AFDA49-D768-4C96-861B-17B715490CBD}.Debug|iPhone.Build.0 = Debug|Any CPU
		{E7AFDA49-D768-4C96-861B-17B715490CBD}.Debug|iPhoneSimulator.ActiveCfg = Debug|Any CPU
		{E7AFDA49-D768-4C96-861B-17B715490CBD}.Debug|iPhoneSimulator.Build.0 = Debug|Any CPU
		{E7AFDA49-D768-4C96-861B-17B715490CBD}.Debug|x64.ActiveCfg = Debug|Any CPU
		{E7AFDA49-D768-4C96-861B-17B715490CBD}.Debug|x64.Build.0 = Debug|Any CPU
		{E7AFDA49-D768-4C96-861B-17B715490CBD}.Debug|x86.ActiveCfg = Debug|Any CPU
		{E7AFDA49-D768-4C96-861B-17B715490CBD}.Debug|x86.Build.0 = Debug|Any CPU
		{E7AFDA49-D768-4C96-861B-17B715490CBD}.Release|Any CPU.ActiveCfg = Release|Any CPU
		{E7AFDA49-D768-4C96-861B-17B715490CBD}.Release|Any CPU.Build.0 = Release|Any CPU
		{E7AFDA49-D768-4C96-861B-17B715490CBD}.Release|ARM.ActiveCfg = Release|Any CPU
		{E7AFDA49-D768-4C96-861B-17B715490CBD}.Release|ARM.Build.0 = Release|Any CPU
		{E7AFDA49-D768-4C96-861B-17B715490CBD}.Release|iPhone.ActiveCfg = Release|Any CPU
		{E7AFDA49-D768-4C96-861B-17B715490CBD}.Release|iPhone.Build.0 = Release|Any CPU
		{E7AFDA49-D768-4C96-861B-17B715490CBD}.Release|iPhoneSimulator.ActiveCfg = Release|Any CPU
		{E7AFDA49-D768-4C96-861B-17B715490CBD}.Release|iPhoneSimulator.Build.0 = Release|Any CPU
		{E7AFDA49-D768-4C96-861B-17B715490CBD}.Release|x64.ActiveCfg = Release|Any CPU
		{E7AFDA49-D768-4C96-861B-17B715490CBD}.Release|x64.Build.0 = Release|Any CPU
		{E7AFDA49-D768-4C96-861B-17B715490CBD}.Release|x86.ActiveCfg = Release|Any CPU
		{E7AFDA49-D768-4C96-861B-17B715490CBD}.Release|x86.Build.0 = Release|Any CPU
	EndGlobalSection
	GlobalSection(SolutionProperties) = preSolution
		HideSolutionNode = FALSE
	EndGlobalSection
	GlobalSection(ExtensibilityGlobals) = postSolution
		SolutionGuid = {7D8F8A07-614F-425A-95C8-D8ABF10143EF}
	EndGlobalSection
EndGlobal
